{
  "name": "vindu",
  "version": "0.1.2",
  "lockfileVersion": 2,
  "requires": true,
  "packages": {
    "": {
      "name": "vindu",
      "version": "0.1.2",
      "license": "MIT",
      "devDependencies": {
        "configdb": "^0.2.5"
      }
    },
    "node_modules/configdb": {
      "version": "0.2.5",
      "resolved": "https://registry.npmjs.org/configdb/-/configdb-0.2.5.tgz",
      "integrity": "sha512-BmBlBbUBRl8811u8OVe/nmki8v7BmFalY/cleZZSvA+9numzWg915m3qEtF8thPF6xTgaoe6rUM3h6FaxT+VMg==",
      "dev": true,
      "dependencies": {
        "cuid": "^2.1.8",
        "lodash": "^4.17.21"
      }
    },
    "node_modules/cuid": {
      "version": "2.1.8",
      "resolved": "https://registry.npmjs.org/cuid/-/cuid-2.1.8.tgz",
      "integrity": "sha512-xiEMER6E7TlTPnDxrM4eRiC6TRgjNX9xzEZ5U/Se2YJKr7Mq4pJn/2XEHjl3STcSh96GmkHPcBXLES8M29wyyg==",
      "dev": true
    },
    "node_modules/lodash": {
      "version": "4.17.21",
      "resolved": "https://registry.npmjs.org/lodash/-/lodash-4.17.21.tgz",
      "integrity": "sha512-v2kDEe57lecTulaDIuNTPy3Ry4gLGJ6Z1O3vE1krgXZNrsQ+LFTGHVxVjcXPs17LhbZVGedAJv8XZ1tvj5FvSg==",
      "dev": true
    }
  },
  "dependencies": {
    "configdb": {
      "version": "0.2.5",
      "resolved": "https://registry.npmjs.org/configdb/-/configdb-0.2.5.tgz",
      "integrity": "sha512-BmBlBbUBRl8811u8OVe/nmki8v7BmFalY/cleZZSvA+9numzWg915m3qEtF8thPF6xTgaoe6rUM3h6FaxT+VMg==",
      "dev": true,
      "requires": {
        "cuid": "^2.1.8",
        "lodash": "^4.17.21"
      }
    },
    "cuid": {
      "version": "2.1.8",
      "resolved": "https://registry.npmjs.org/cuid/-/cuid-2.1.8.tgz",
      "integrity": "sha512-xiEMER6E7TlTPnDxrM4eRiC6TRgjNX9xzEZ5U/Se2YJKr7Mq4pJn/2XEHjl3STcSh96GmkHPcBXLES8M29wyyg==",
      "dev": true
    },
    "lodash": {
      "version": "4.17.21",
      "resolved": "https://registry.npmjs.org/lodash/-/lodash-4.17.21.tgz",
      "integrity": "sha512-v2kDEe57lecTulaDIuNTPy3Ry4gLGJ6Z1O3vE1krgXZNrsQ+LFTGHVxVjcXPs17LhbZVGedAJv8XZ1tvj5FvSg==",
      "dev": true
    }
  }
}
